
Microsoft Visual Studio Solution File, Format Version 12.00
# Visual Studio Version 17
VisualStudioVersion = 17.8.34525.116
MinimumVisualStudioVersion = 10.0.40219.1
Project("{FAE04EC0-301F-11D3-BF4B-00C04F79EFBC}") = "DapperDemo", "DapperDemo\DapperDemo.csproj", "{1AD421BA-459D-4B38-B13D-E1481FD074DC}"
EndProject
Project("{FAE04EC0-301F-11D3-BF4B-00C04F79EFBC}") = "Repository", "Repository\Repository.csproj", "{16D40FB0-7866-4953-BC37-1A41207E47A2}"
EndProject
Project("{FAE04EC0-301F-11D3-BF4B-00C04F79EFBC}") = "BussinessLayer", "BussinessLayer\BussinessLayer.csproj", "{DFE01882-F010-4C82-83C4-85D5A4BF0892}"
EndProject
Global
	GlobalSection(SolutionConfigurationPlatforms) = preSolution
		Debug|Any CPU = Debug|Any CPU
		Release|Any CPU = Release|Any CPU
	EndGlobalSection
	GlobalSection(ProjectConfigurationPlatforms) = postSolution
		{1AD421BA-459D-4B38-B13D-E1481FD074DC}.Debug|Any CPU.ActiveCfg = Debug|Any CPU
		{1AD421BA-459D-4B38-B13D-E1481FD074DC}.Debug|Any CPU.Build.0 = Debug|Any CPU
		{1AD421BA-459D-4B38-B13D-E1481FD074DC}.Release|Any CPU.ActiveCfg = Release|Any CPU
		{1AD421BA-459D-4B38-B13D-E1481FD074DC}.Release|Any CPU.Build.0 = Release|Any CPU
		{16D40FB0-7866-4953-BC37-1A41207E47A2}.Debug|Any CPU.ActiveCfg = Debug|Any CPU
		{16D40FB0-7866-4953-BC37-1A41207E47A2}.Debug|Any CPU.Build.0 = Debug|Any CPU
		{16D40FB0-7866-4953-BC37-1A41207E47A2}.Release|Any CPU.ActiveCfg = Release|Any CPU
		{16D40FB0-7866-4953-BC37-1A41207E47A2}.Release|Any CPU.Build.0 = Release|Any CPU
		{DFE01882-F010-4C82-83C4-85D5A4BF0892}.Debug|Any CPU.ActiveCfg = Debug|Any CPU
		{DFE01882-F010-4C82-83C4-85D5A4BF0892}.Debug|Any CPU.Build.0 = Debug|Any CPU
		{DFE01882-F010-4C82-83C4-85D5A4BF0892}.Release|Any CPU.ActiveCfg = Release|Any CPU
		{DFE01882-F010-4C82-83C4-85D5A4BF0892}.Release|Any CPU.Build.0 = Release|Any CPU
	EndGlobalSection
	GlobalSection(SolutionProperties) = preSolution
		HideSolutionNode = FALSE
	EndGlobalSection
	GlobalSection(ExtensibilityGlobals) = postSolution
		SolutionGuid = {4EF324C4-439A-4B4C-B908-3BA9CA277E57}
	EndGlobalSection
EndGlobal
